// !$*UTF8*$!
{
	archiveVersion = 1;
	classes = {
	};
	objectVersion = 50;
	objects = {

/* Begin PBXBuildFile section */
		9BD8301123D1458100EF9E30 /* AppDelegate.swift in Sources */ = {isa = PBXBuildFile; fileRef = 9BD8301023D1458100EF9E30 /* AppDelegate.swift */; };
		9BD8301323D1458100EF9E30 /* SceneDelegate.swift in Sources */ = {isa = PBXBuildFile; fileRef = 9BD8301223D1458100EF9E30 /* SceneDelegate.swift */; };
		9BD8301523D1458100EF9E30 /* ViewController.swift in Sources */ = {isa = PBXBuildFile; fileRef = 9BD8301423D1458100EF9E30 /* ViewController.swift */; };
		9BD8301823D1458100EF9E30 /* Main.storyboard in Resources */ = {isa = PBXBuildFile; fileRef = 9BD8301623D1458100EF9E30 /* Main.storyboard */; };
		9BD8301A23D1458200EF9E30 /* Assets.xcassets in Resources */ = {isa = PBXBuildFile; fileRef = 9BD8301923D1458200EF9E30 /* Assets.xcassets */; };
		9BD8301D23D1458200EF9E30 /* LaunchScreen.storyboard in Resources */ = {isa = PBXBuildFile; fileRef = 9BD8301B23D1458200EF9E30 /* LaunchScreen.storyboard */; };
		9BD8302823D1458200EF9E30 /* Exercise2Tests.swift in Sources */ = {isa = PBXBuildFile; fileRef = 9BD8302723D1458200EF9E30 /* Exercise2Tests.swift */; };
		9BD8303323D1458200EF9E30 /* Exercise2UITests.swift in Sources */ = {isa = PBXBuildFile; fileRef = 9BD8303223D1458200EF9E30 /* Exercise2UITests.swift */; };
/* End PBXBuildFile section */

/* Begin PBXContainerItemProxy section */
		9BD8302423D1458200EF9E30 /* PBXContainerItemProxy */ = {
			isa = PBXContainerItemProxy;
			containerPortal = 9BD8300523D1458100EF9E30 /* Project object */;
			proxyType = 1;
			remoteGlobalIDString = 9BD8300C23D1458100EF9E30;
			remoteInfo = Exercise2;
		};
		9BD8302F23D1458200EF9E30 /* PBXContainerItemProxy */ = {
			isa = PBXContainerItemProxy;
			containerPortal = 9BD8300523D1458100EF9E30 /* Project object */;
			proxyType = 1;
			remoteGlobalIDString = 9BD8300C23D1458100EF9E30;
			remoteInfo = Exercise2;
		};
/* End PBXContainerItemProxy section */

/* Begin PBXFileReference section */
		9BD8300D23D1458100EF9E30 /* Exercise2.app */ = {isa = PBXFileReference; explicitFileType = wrapper.application; includeInIndex = 0; path = Exercise2.app; sourceTree = BUILT_PRODUCTS_DIR; };
		9BD8301023D1458100EF9E30 /* AppDelegate.swift */ = {isa = PBXFileReference; lastKnownFileType = sourcecode.swift; path = AppDelegate.swift; sourceTree = "<group>"; };
		9BD8301223D1458100EF9E30 /* SceneDelegate.swift */ = {isa = PBXFileReference; lastKnownFileType = sourcecode.swift; path = SceneDelegate.swift; sourceTree = "<group>"; };
		9BD8301423D1458100EF9E30 /* ViewController.swift */ = {isa = PBXFileReference; lastKnownFileType = sourcecode.swift; path = ViewController.swift; sourceTree = "<group>"; };
		9BD8301723D1458100EF9E30 /* Base */ = {isa = PBXFileReference; lastKnownFileType = file.storyboard; name = Base; path = Base.lproj/Main.storyboard; sourceTree = "<group>"; };
		9BD8301923D1458200EF9E30 /* Assets.xcassets */ = {isa = PBXFileReference; lastKnownFileType = folder.assetcatalog; path = Assets.xcassets; sourceTree = "<group>"; };
		9BD8301C23D1458200EF9E30 /* Base */ = {isa = PBXFileReference; lastKnownFileType = file.storyboard; name = Base; path = Base.lproj/LaunchScreen.storyboard; sourceTree = "<group>"; };
		9BD8301E23D1458200EF9E30 /* Info.plist */ = {isa = PBXFileReference; lastKnownFileType = text.plist.xml; path = Info.plist; sourceTree = "<group>"; };
		9BD8302323D1458200EF9E30 /* Exercise2Tests.xctest */ = {isa = PBXFileReference; explicitFileType = wrapper.cfbundle; includeInIndex = 0; path = Exercise2Tests.xctest; sourceTree = BUILT_PRODUCTS_DIR; };
		9BD8302723D1458200EF9E30 /* Exercise2Tests.swift */ = {isa = PBXFileReference; lastKnownFileType = sourcecode.swift; path = Exercise2Tests.swift; sourceTree = "<group>"; };
		9BD8302923D1458200EF9E30 /* Info.plist */ = {isa = PBXFileReference; lastKnownFileType = text.plist.xml; path = Info.plist; sourceTree = "<group>"; };
		9BD8302E23D1458200EF9E30 /* Exercise2UITests.xctest */ = {isa = PBXFileReference; explicitFileType = wrapper.cfbundle; includeInIndex = 0; path = Exercise2UITests.xctest; sourceTree = BUILT_PRODUCTS_DIR; };
		9BD8303223D1458200EF9E30 /* Exercise2UITests.swift */ = {isa = PBXFileReference; lastKnownFileType = sourcecode.swift; path = Exercise2UITests.swift; sourceTree = "<group>"; };
		9BD8303423D1458200EF9E30 /* Info.plist */ = {isa = PBXFileReference; lastKnownFileType = text.plist.xml; path = Info.plist; sourceTree = "<group>"; };
/* End PBXFileReference section */

/* Begin PBXFrameworksBuildPhase section */
		9BD8300A23D1458100EF9E30 /* Frameworks */ = {
			isa = PBXFrameworksBuildPhase;
			buildActionMask = 2147483647;
			files = (
			);
			runOnlyForDeploymentPostprocessing = 0;
		};
		9BD8302023D1458200EF9E30 /* Frameworks */ = {
			isa = PBXFrameworksBuildPhase;
			buildActionMask = 2147483647;
			files = (
			);
			runOnlyForDeploymentPostprocessing = 0;
		};
		9BD8302B23D1458200EF9E30 /* Frameworks */ = {
			isa = PBXFrameworksBuildPhase;
			buildActionMask = 2147483647;
			files = (
			);
			runOnlyForDeploymentPostprocessing = 0;
		};
/* End PBXFrameworksBuildPhase section */

/* Begin PBXGroup section */
		9BD8300423D1458100EF9E30 = {
			isa = PBXGroup;
			children = (
				9BD8300F23D1458100EF9E30 /* Exercise2 */,
				9BD8302623D1458200EF9E30 /* Exercise2Tests */,
				9BD8303123D1458200EF9E30 /* Exercise2UITests */,
				9BD8300E23D1458100EF9E30 /* Products */,
			);
			sourceTree = "<group>";
		};
		9BD8300E23D1458100EF9E30 /* Products */ = {
			isa = PBXGroup;
			children = (
				9BD8300D23D1458100EF9E30 /* Exercise2.app */,
				9BD8302323D1458200EF9E30 /* Exercise2Tests.xctest */,
				9BD8302E23D1458200EF9E30 /* Exercise2UITests.xctest */,
			);
			name = Products;
			sourceTree = "<group>";
		};
		9BD8300F23D1458100EF9E30 /* Exercise2 */ = {
			isa = PBXGroup;
			children = (
				9BD8301023D1458100EF9E30 /* AppDelegate.swift */,
				9BD8301223D1458100EF9E30 /* SceneDelegate.swift */,
				9BD8301423D1458100EF9E30 /* ViewController.swift */,
				9BD8301623D1458100EF9E30 /* Main.storyboard */,
				9BD8301923D1458200EF9E30 /* Assets.xcassets */,
				9BD8301B23D1458200EF9E30 /* LaunchScreen.storyboard */,
				9BD8301E23D1458200EF9E30 /* Info.plist */,
			);
			path = Exercise2;
			sourceTree = "<group>";
		};
		9BD8302623D1458200EF9E30 /* Exercise2Tests */ = {
			isa = PBXGroup;
			children = (
				9BD8302723D1458200EF9E30 /* Exercise2Tests.swift */,
				9BD8302923D1458200EF9E30 /* Info.plist */,
			);
			path = Exercise2Tests;
			sourceTree = "<group>";
		};
		9BD8303123D1458200EF9E30 /* Exercise2UITests */ = {
			isa = PBXGroup;
			children = (
				9BD8303223D1458200EF9E30 /* Exercise2UITests.swift */,
				9BD8303423D1458200EF9E30 /* Info.plist */,
			);
			path = Exercise2UITests;
			sourceTree = "<group>";
		};
/* End PBXGroup section */

/* Begin PBXNativeTarget section */
		9BD8300C23D1458100EF9E30 /* Exercise2 */ = {
			isa = PBXNativeTarget;
			buildConfigurationList = 9BD8303723D1458200EF9E30 /* Build configuration list for PBXNativeTarget "Exercise2" */;
			buildPhases = (
				9BD8300923D1458100EF9E30 /* Sources */,
				9BD8300A23D1458100EF9E30 /* Frameworks */,
				9BD8300B23D1458100EF9E30 /* Resources */,
			);
			buildRules = (
			);
			dependencies = (
			);
			name = Exercise2;
			productName = Exercise2;
			productReference = 9BD8300D23D1458100EF9E30 /* Exercise2.app */;
			productType = "com.apple.product-type.application";
		};
		9BD8302223D1458200EF9E30 /* Exercise2Tests */ = {
			isa = PBXNativeTarget;
			buildConfigurationList = 9BD8303A23D1458200EF9E30 /* Build configuration list for PBXNativeTarget "Exercise2Tests" */;
			buildPhases = (
				9BD8301F23D1458200EF9E30 /* Sources */,
				9BD8302023D1458200EF9E30 /* Frameworks */,
				9BD8302123D1458200EF9E30 /* Resources */,
			);
			buildRules = (
			);
			dependencies = (
				9BD8302523D1458200EF9E30 /* PBXTargetDependency */,
			);
			name = Exercise2Tests;
			productName = Exercise2Tests;
			productReference = 9BD8302323D1458200EF9E30 /* Exercise2Tests.xctest */;
			productType = "com.apple.product-type.bundle.unit-test";
		};
		9BD8302D23D1458200EF9E30 /* Exercise2UITests */ = {
			isa = PBXNativeTarget;
			buildConfigurationList = 9BD8303D23D1458200EF9E30 /* Build configuration list for PBXNativeTarget "Exercise2UITests" */;
			buildPhases = (
				9BD8302A23D1458200EF9E30 /* Sources */,
				9BD8302B23D1458200EF9E30 /* Frameworks */,
				9BD8302C23D1458200EF9E30 /* Resources */,
			);
			buildRules = (
			);
			dependencies = (
				9BD8303023D1458200EF9E30 /* PBXTargetDependency */,
			);
			name = Exercise2UITests;
			productName = Exercise2UITests;
			productReference = 9BD8302E23D1458200EF9E30 /* Exercise2UITests.xctest */;
			productType = "com.apple.product-type.bundle.ui-testing";
		};
/* End PBXNativeTarget section */

/* Begin PBXProject section */
		9BD8300523D1458100EF9E30 /* Project object */ = {
			isa = PBXProject;
			attributes = {
				LastSwiftUpdateCheck = 1130;
				LastUpgradeCheck = 1130;
				ORGANIZATIONNAME = MacStudent;
				TargetAttributes = {
					9BD8300C23D1458100EF9E30 = {
						CreatedOnToolsVersion = 11.3;
					};
					9BD8302223D1458200EF9E30 = {
						CreatedOnToolsVersion = 11.3;
						TestTargetID = 9BD8300C23D1458100EF9E30;
					};
					9BD8302D23D1458200EF9E30 = {
						CreatedOnToolsVersion = 11.3;
						TestTargetID = 9BD8300C23D1458100EF9E30;
					};
				};
			};
			buildConfigurationList = 9BD8300823D1458100EF9E30 /* Build configuration list for PBXProject "Exercise2" */;
			compatibilityVersion = "Xcode 9.3";
			developmentRegion = en;
			hasScannedForEncodings = 0;
			knownRegions = (
				en,
				Base,
			);
			mainGroup = 9BD8300423D1458100EF9E30;
			productRefGroup = 9BD8300E23D1458100EF9E30 /* Products */;
			projectDirPath = "";
			projectRoot = "";
			targets = (
				9BD8300C23D1458100EF9E30 /* Exercise2 */,
				9BD8302223D1458200EF9E30 /* Exercise2Tests */,
				9BD8302D23D1458200EF9E30 /* Exercise2UITests */,
			);
		};
/* End PBXProject section */

/* Begin PBXResourcesBuildPhase section */
		9BD8300B23D1458100EF9E30 /* Resources */ = {
			isa = PBXResourcesBuildPhase;
			buildActionMask = 2147483647;
			files = (
				9BD8301D23D1458200EF9E30 /* LaunchScreen.storyboard in Resources */,
				9BD8301A23D1458200EF9E30 /* Assets.xcassets in Resources */,
				9BD8301823D1458100EF9E30 /* Main.storyboard in Resources */,
			);
			runOnlyForDeploymentPostprocessing = 0;
		};
		9BD8302123D1458200EF9E30 /* Resources */ = {
			isa = PBXResourcesBuildPhase;
			buildActionMask = 2147483647;
			files = (
			);
			runOnlyForDeploymentPostprocessing = 0;
		};
		9BD8302C23D1458200EF9E30 /* Resources */ = {
			isa = PBXResourcesBuildPhase;
			buildActionMask = 2147483647;
			files = (
			);
			runOnlyForDeploymentPostprocessing = 0;
		};
/* End PBXResourcesBuildPhase section */

/* Begin PBXSourcesBuildPhase section */
		9BD8300923D1458100EF9E30 /* Sources */ = {
			isa = PBXSourcesBuildPhase;
			buildActionMask = 2147483647;
			files = (
				9BD8301523D1458100EF9E30 /* ViewController.swift in Sources */,
				9BD8301123D1458100EF9E30 /* AppDelegate.swift in Sources */,
				9BD8301323D1458100EF9E30 /* SceneDelegate.swift in Sources */,
			);
			runOnlyForDeploymentPostprocessing = 0;
		};
		9BD8301F23D1458200EF9E30 /* Sources */ = {
			isa = PBXSourcesBuildPhase;
			buildActionMask = 2147483647;
			files = (
				9BD8302823D1458200EF9E30 /* Exercise2Tests.swift in Sources */,
			);
			runOnlyForDeploymentPostprocessing = 0;
		};
		9BD8302A23D1458200EF9E30 /* Sources */ = {
			isa = PBXSourcesBuildPhase;
			buildActionMask = 2147483647;
			files = (
				9BD8303323D1458200EF9E30 /* Exercise2UITests.swift in Sources */,
			);
			runOnlyForDeploymentPostprocessing = 0;
		};
/* End PBXSourcesBuildPhase section */

/* Begin PBXTargetDependency section */
		9BD8302523D1458200EF9E30 /* PBXTargetDependency */ = {
			isa = PBXTargetDependency;
			target = 9BD8300C23D1458100EF9E30 /* Exercise2 */;
			targetProxy = 9BD8302423D1458200EF9E30 /* PBXContainerItemProxy */;
		};
		9BD8303023D1458200EF9E30 /* PBXTargetDependency */ = {
			isa = PBXTargetDependency;
			target = 9BD8300C23D1458100EF9E30 /* Exercise2 */;
			targetProxy = 9BD8302F23D1458200EF9E30 /* PBXContainerItemProxy */;
		};
/* End PBXTargetDependency section */

/* Begin PBXVariantGroup section */
		9BD8301623D1458100EF9E30 /* Main.storyboard */ = {
			isa = PBXVariantGroup;
			children = (
				9BD8301723D1458100EF9E30 /* Base */,
			);
			name = Main.storyboard;
			sourceTree = "<group>";
		};
		9BD8301B23D1458200EF9E30 /* LaunchScreen.storyboard */ = {
			isa = PBXVariantGroup;
			children = (
				9BD8301C23D1458200EF9E30 /* Base */,
			);
			name = LaunchScreen.storyboard;
			sourceTree = "<group>";
		};
/* End PBXVariantGroup section */

/* Begin XCBuildConfiguration section */
		9BD8303523D1458200EF9E30 /* Debug */ = {
			isa = XCBuildConfiguration;
			buildSettings = {
				ALWAYS_SEARCH_USER_PATHS = NO;
				CLANG_ANALYZER_NONNULL = YES;
				CLANG_ANALYZER_NUMBER_OBJECT_CONVERSION = YES_AGGRESSIVE;
				CLANG_CXX_LANGUAGE_STANDARD = "gnu++14";
				CLANG_CXX_LIBRARY = "libc++";
				CLANG_ENABLE_MODULES = YES;
				CLANG_ENABLE_OBJC_ARC = YES;
				CLANG_ENABLE_OBJC_WEAK = YES;
				CLANG_WARN_BLOCK_CAPTURE_AUTORELEASING = YES;
				CLANG_WARN_BOOL_CONVERSION = YES;
				CLANG_WARN_COMMA = YES;
				CLANG_WARN_CONSTANT_CONVERSION = YES;
				CLANG_WARN_DEPRECATED_OBJC_IMPLEMENTATIONS = YES;
				CLANG_WARN_DIRECT_OBJC_ISA_USAGE = YES_ERROR;
				CLANG_WARN_DOCUMENTATION_COMMENTS = YES;
				CLANG_WARN_EMPTY_BODY = YES;
				CLANG_WARN_ENUM_CONVERSION = YES;
				CLANG_WARN_INFINITE_RECURSION = YES;
				CLANG_WARN_INT_CONVERSION = YES;
				CLANG_WARN_NON_LITERAL_NULL_CONVERSION = YES;
				CLANG_WARN_OBJC_IMPLICIT_RETAIN_SELF = YES;
				CLANG_WARN_OBJC_LITERAL_CONVERSION = YES;
				CLANG_WARN_OBJC_ROOT_CLASS = YES_ERROR;
				CLANG_WARN_RANGE_LOOP_ANALYSIS = YES;
				CLANG_WARN_STRICT_PROTOTYPES = YES;
				CLANG_WARN_SUSPICIOUS_MOVE = YES;
				CLANG_WARN_UNGUARDED_AVAILABILITY = YES_AGGRESSIVE;
				CLANG_WARN_UNREACHABLE_CODE = YES;
				CLANG_WARN__DUPLICATE_METHOD_MATCH = YES;
				COPY_PHASE_STRIP = NO;
				DEBUG_INFORMATION_FORMAT = dwarf;
				ENABLE_STRICT_OBJC_MSGSEND = YES;
				ENABLE_TESTABILITY = YES;
				GCC_C_LANGUAGE_STANDARD = gnu11;
				GCC_DYNAMIC_NO_PIC = NO;
				GCC_NO_COMMON_BLOCKS = YES;
				GCC_OPTIMIZATION_LEVEL = 0;
				GCC_PREPROCESSOR_DEFINITIONS = (
					"DEBUG=1",
					"$(inherited)",
				);
				GCC_WARN_64_TO_32_BIT_CONVERSION = YES;
				GCC_WARN_ABOUT_RETURN_TYPE = YES_ERROR;
				GCC_WARN_UNDECLARED_SELECTOR = YES;
				GCC_WARN_UNINITIALIZED_AUTOS = YES_AGGRESSIVE;
				GCC_WARN_UNUSED_FUNCTION = YES;
				GCC_WARN_UNUSED_VARIABLE = YES;
				IPHONEOS_DEPLOYMENT_TARGET = 13.2;
				MTL_ENABLE_DEBUG_INFO = INCLUDE_SOURCE;
				MTL_FAST_MATH = YES;
				ONLY_ACTIVE_ARCH = YES;
				SDKROOT = iphoneos;
				SWIFT_ACTIVE_COMPILATION_CONDITIONS = DEBUG;
				SWIFT_OPTIMIZATION_LEVEL = "-Onone";
			};
			name = Debug;
		};
		9BD8303623D1458200EF9E30 /* Release */ = {
			isa = XCBuildConfiguration;
			buildSettings = {
				ALWAYS_SEARCH_USER_PATHS = NO;
				CLANG_ANALYZER_NONNULL = YES;
				CLANG_ANALYZER_NUMBER_OBJECT_CONVERSION = YES_AGGRESSIVE;
				CLANG_CXX_LANGUAGE_STANDARD = "gnu++14";
				CLANG_CXX_LIBRARY = "libc++";
				CLANG_ENABLE_MODULES = YES;
				CLANG_ENABLE_OBJC_ARC = YES;
				CLANG_ENABLE_OBJC_WEAK = YES;
				CLANG_WARN_BLOCK_CAPTURE_AUTORELEASING = YES;
				CLANG_WARN_BOOL_CONVERSION = YES;
				CLANG_WARN_COMMA = YES;
				CLANG_WARN_CONSTANT_CONVERSION = YES;
				CLANG_WARN_DEPRECATED_OBJC_IMPLEMENTATIONS = YES;
				CLANG_WARN_DIRECT_OBJC_ISA_USAGE = YES_ERROR;
				CLANG_WARN_DOCUMENTATION_COMMENTS = YES;
				CLANG_WARN_EMPTY_BODY = YES;
				CLANG_WARN_ENUM_CONVERSION = YES;
				CLANG_WARN_INFINITE_RECURSION = YES;
				CLANG_WARN_INT_CONVERSION = YES;
				CLANG_WARN_NON_LITERAL_NULL_CONVERSION = YES;
				CLANG_WARN_OBJC_IMPLICIT_RETAIN_SELF = YES;
				CLANG_WARN_OBJC_LITERAL_CONVERSION = YES;
				CLANG_WARN_OBJC_ROOT_CLASS = YES_ERROR;
				CLANG_WARN_RANGE_LOOP_ANALYSIS = YES;
				CLANG_WARN_STRICT_PROTOTYPES = YES;
				CLANG_WARN_SUSPICIOUS_MOVE = YES;
				CLANG_WARN_UNGUARDED_AVAILABILITY = YES_AGGRESSIVE;
				CLANG_WARN_UNREACHABLE_CODE = YES;
				CLANG_WARN__DUPLICATE_METHOD_MATCH = YES;
				COPY_PHASE_STRIP = NO;
				DEBUG_INFORMATION_FORMAT = "dwarf-with-dsym";
				ENABLE_NS_ASSERTIONS = NO;
				ENABLE_STRICT_OBJC_MSGSEND = YES;
				GCC_C_LANGUAGE_STANDARD = gnu11;
				GCC_NO_COMMON_BLOCKS = YES;
				GCC_WARN_64_TO_32_BIT_CONVERSION = YES;
				GCC_WARN_ABOUT_RETURN_TYPE = YES_ERROR;
				GCC_WARN_UNDECLARED_SELECTOR = YES;
				GCC_WARN_UNINITIALIZED_AUTOS = YES_AGGRESSIVE;
				GCC_WARN_UNUSED_FUNCTION = YES;
				GCC_WARN_UNUSED_VARIABLE = YES;
				IPHONEOS_DEPLOYMENT_TARGET = 13.2;
				MTL_ENABLE_DEBUG_INFO = NO;
				MTL_FAST_MATH = YES;
				SDKROOT = iphoneos;
				SWIFT_COMPILATION_MODE = wholemodule;
				SWIFT_OPTIMIZATION_LEVEL = "-O";
				VALIDATE_PRODUCT = YES;
			};
			name = Release;
		};
		9BD8303823D1458200EF9E30 /* Debug */ = {
			isa = XCBuildConfiguration;
			buildSettings = {
				ASSETCATALOG_COMPILER_APPICON_NAME = AppIcon;
				CODE_SIGN_STYLE = Automatic;
				INFOPLIST_FILE = Exercise2/Info.plist;
				LD_RUNPATH_SEARCH_PATHS = (
					"$(inherited)",
					"@executable_path/Frameworks",
				);
				PRODUCT_BUNDLE_IDENTIFIER = CestarCollege.Exercise2;
				PRODUCT_NAME = "$(TARGET_NAME)";
				SWIFT_VERSION = 5.0;
				TARGETED_DEVICE_FAMILY = "1,2";
			};
			name = Debug;
		};
		9BD8303923D1458200EF9E30 /* Release */ = {
			isa = XCBuildConfiguration;
			buildSettings = {
				ASSETCATALOG_COMPILER_APPICON_NAME = AppIcon;
				CODE_SIGN_STYLE = Automatic;
				INFOPLIST_FILE = Exercise2/Info.plist;
				LD_RUNPATH_SEARCH_PATHS = (
					"$(inherited)",
					"@executable_path/Frameworks",
				);
				PRODUCT_BUNDLE_IDENTIFIER = CestarCollege.Exercise2;
				PRODUCT_NAME = "$(TARGET_NAME)";
				SWIFT_VERSION = 5.0;
				TARGETED_DEVICE_FAMILY = "1,2";
			};
			name = Release;
		};
		9BD8303B23D1458200EF9E30 /* Debug */ = {
			isa = XCBuildConfiguration;
			buildSettings = {
				ALWAYS_EMBED_SWIFT_STANDARD_LIBRARIES = YES;
				BUNDLE_LOADER = "$(TEST_HOST)";
				CODE_SIGN_STYLE = Automatic;
				INFOPLIST_FILE = Exercise2Tests/Info.plist;
				IPHONEOS_DEPLOYMENT_TARGET = 13.2;
				LD_RUNPATH_SEARCH_PATHS = (
					"$(inherited)",
					"@executable_path/Frameworks",
					"@loader_path/Frameworks",
				);
				PRODUCT_BUNDLE_IDENTIFIER = CestarCollege.Exercise2Tests;
				PRODUCT_NAME = "$(TARGET_NAME)";
				SWIFT_VERSION = 5.0;
				TARGETED_DEVICE_FAMILY = "1,2";
				TEST_HOST = "$(BUILT_PRODUCTS_DIR)/Exercise2.app/Exercise2";
			};
			name = Debug;
		};
		9BD8303C23D1458200EF9E30 /* Release */ = {
			isa = XCBuildConfiguration;
			buildSettings = {
				ALWAYS_EMBED_SWIFT_STANDARD_LIBRARIES = YES;
				BUNDLE_LOADER = "$(TEST_HOST)";
				CODE_SIGN_STYLE = Automatic;
				INFOPLIST_FILE = Exercise2Tests/Info.plist;
				IPHONEOS_DEPLOYMENT_TARGET = 13.2;
				LD_RUNPATH_SEARCH_PATHS = (
					"$(inherited)",
					"@executable_path/Frameworks",
					"@loader_path/Frameworks",
				);
				PRODUCT_BUNDLE_IDENTIFIER = CestarCollege.Exercise2Tests;
				PRODUCT_NAME = "$(TARGET_NAME)";
				SWIFT_VERSION = 5.0;
				TARGETED_DEVICE_FAMILY = "1,2";
				TEST_HOST = "$(BUILT_PRODUCTS_DIR)/Exercise2.app/Exercise2";
			};
			name = Release;
		};
		9BD8303E23D1458200EF9E30 /* Debug */ = {
			isa = XCBuildConfiguration;
			buildSettings = {
				ALWAYS_EMBED_SWIFT_STANDARD_LIBRARIES = YES;
				CODE_SIGN_STYLE = Automatic;
				INFOPLIST_FILE = Exercise2UITests/Info.plist;
				LD_RUNPATH_SEARCH_PATHS = (
					"$(inherited)",
					"@executable_path/Frameworks",
					"@loader_path/Frameworks",
				);
				PRODUCT_BUNDLE_IDENTIFIER = CestarCollege.Exercise2UITests;
				PRODUCT_NAME = "$(TARGET_NAME)";
				SWIFT_VERSION = 5.0;
				TARGETED_DEVICE_FAMILY = "1,2";
				TEST_TARGET_NAME = Exercise2;
			};
			name = Debug;
		};
		9BD8303F23D1458200EF9E30 /* Release */ = {
			isa = XCBuildConfiguration;
			buildSettings = {
				ALWAYS_EMBED_SWIFT_STANDARD_LIBRARIES = YES;
				CODE_SIGN_STYLE = Automatic;
				INFOPLIST_FILE = Exercise2UITests/Info.plist;
				LD_RUNPATH_SEARCH_PATHS = (
					"$(inherited)",
					"@executable_path/Frameworks",
					"@loader_path/Frameworks",
				);
				PRODUCT_BUNDLE_IDENTIFIER = CestarCollege.Exercise2UITests;
				PRODUCT_NAME = "$(TARGET_NAME)";
				SWIFT_VERSION = 5.0;
				TARGETED_DEVICE_FAMILY = "1,2";
				TEST_TARGET_NAME = Exercise2;
			};
			name = Release;
		};
/* End XCBuildConfiguration section */

/* Begin XCConfigurationList section */
		9BD8300823D1458100EF9E30 /* Build configuration list for PBXProject "Exercise2" */ = {
			isa = XCConfigurationList;
			buildConfigurations = (
				9BD8303523D1458200EF9E30 /* Debug */,
				9BD8303623D1458200EF9E30 /* Release */,
			);
			defaultConfigurationIsVisible = 0;
			defaultConfigurationName = Release;
		};
		9BD8303723D1458200EF9E30 /* Build configuration list for PBXNativeTarget "Exercise2" */ = {
			isa = XCConfigurationList;
			buildConfigurations = (
				9BD8303823D1458200EF9E30 /* Debug */,
				9BD8303923D1458200EF9E30 /* Release */,
			);
			defaultConfigurationIsVisible = 0;
			defaultConfigurationName = Release;
		};
		9BD8303A23D1458200EF9E30 /* Build configuration list for PBXNativeTarget "Exercise2Tests" */ = {
			isa = XCConfigurationList;
			buildConfigurations = (
				9BD8303B23D1458200EF9E30 /* Debug */,
				9BD8303C23D1458200EF9E30 /* Release */,
			);
			defaultConfigurationIsVisible = 0;
			defaultConfigurationName = Release;
		};
		9BD8303D23D1458200EF9E30 /* Build configuration list for PBXNativeTarget "Exercise2UITests" */ = {
			isa = XCConfigurationList;
			buildConfigurations = (
				9BD8303E23D1458200EF9E30 /* Debug */,
				9BD8303F23D1458200EF9E30 /* Release */,
			);
			defaultConfigurationIsVisible = 0;
			defaultConfigurationName = Release;
		};
/* End XCConfigurationList section */
	};
	rootObject = 9BD8300523D1458100EF9E30 /* Project object */;
}
